
Microsoft Visual Studio Solution File, Format Version 12.00
# Visual Studio Version 17
VisualStudioVersion = 17.9.34607.119
MinimumVisualStudioVersion = 10.0.40219.1
Project("{FAE04EC0-301F-11D3-BF4B-00C04F79EFBC}") = "Primerpunto", "Primerpunto\Primerpunto.csproj", "{30F55BC7-7830-4E52-BD06-06561C78CF61}"
EndProject
Global
	GlobalSection(SolutionConfigurationPlatforms) = preSolution
		Debug|Any CPU = Debug|Any CPU
		Release|Any CPU = Release|Any CPU
	EndGlobalSection
	GlobalSection(ProjectConfigurationPlatforms) = postSolution
		{30F55BC7-7830-4E52-BD06-06561C78CF61}.Debug|Any CPU.ActiveCfg = Debug|Any CPU
		{30F55BC7-7830-4E52-BD06-06561C78CF61}.Debug|Any CPU.Build.0 = Debug|Any CPU
		{30F55BC7-7830-4E52-BD06-06561C78CF61}.Release|Any CPU.ActiveCfg = Release|Any CPU
		{30F55BC7-7830-4E52-BD06-06561C78CF61}.Release|Any CPU.Build.0 = Release|Any CPU
	EndGlobalSection
	GlobalSection(SolutionProperties) = preSolution
		HideSolutionNode = FALSE
	EndGlobalSection
	GlobalSection(ExtensibilityGlobals) = postSolution
		SolutionGuid = {DE529DA5-567B-4BD3-AAEA-B03EE4B2F4D5}
	EndGlobalSection
EndGlobal
